{
  "name": "solana",
  "version": "1.0.0",
  "lockfileVersion": 3,
  "requires": true,
  "packages": {
    "": {
      "name": "solana",
      "version": "1.0.0",
      "license": "ISC",
      "dependencies": {
        "@solana-program/system": "^0.8.0",
        "@solana-program/token": "^0.6.0",
        "@solana/kit": "^3.0.3"
      }
    },
    "node_modules/@solana-program/system": {
      "version": "0.8.0",
      "resolved": "https://registry.npmjs.org/@solana-program/system/-/system-0.8.0.tgz",
      "integrity": "sha512-/VJZjFoI+FMrsO5gPgktRIo6Sf/2pMEkkpA6grLtm4Xx52bQDo4fBvhA33FL+3pSf25yHcMcXwrKwqDk6/O1fw==",
      "peerDependencies": {
        "@solana/kit": "^3.0"
      }
    },
    "node_modules/@solana-program/token": {
      "version": "0.6.0",
      "resolved": "https://registry.npmjs.org/@solana-program/token/-/token-0.6.0.tgz",
      "integrity": "sha512-omkZh4Tt9rre4wzWHNOhOEHyenXQku3xyc/UrKvShexA/Qlhza67q7uRwmwEDUs4QqoDBidSZPooOmepnA/jig==",
      "peerDependencies": {
        "@solana/kit": "^3.0"
      }
    },
    "node_modules/@solana/accounts": {
      "version": "3.0.3",
      "resolved": "https://registry.npmjs.org/@solana/accounts/-/accounts-3.0.3.tgz",
      "integrity": "sha512-KqlePrlZaHXfu8YQTCxN204ZuVm9o68CCcUr6l27MG2cuRUtEM1Ta0iR8JFkRUAEfZJC4Cu0ZDjK/v49loXjZQ==",
      "dependencies": {
        "@solana/addresses": "3.0.3",
        "@solana/codecs-core": "3.0.3",
        "@solana/codecs-strings": "3.0.3",
        "@solana/errors": "3.0.3",
        "@solana/rpc-spec": "3.0.3",
        "@solana/rpc-types": "3.0.3"
      },
      "engines": {
        "node": ">=20.18.0"
      },
      "peerDependencies": {
        "typescript": ">=5.3.3"
      }
    },
    "node_modules/@solana/addresses": {
      "version": "3.0.3",
      "resolved": "https://registry.npmjs.org/@solana/addresses/-/addresses-3.0.3.tgz",
      "integrity": "sha512-AuMwKhJI89ANqiuJ/fawcwxNKkSeHH9CApZd2xelQQLS7X8uxAOovpcmEgiObQuiVP944s9ScGUT62Bdul9qYg==",
      "dependencies": {
        "@solana/assertions": "3.0.3",
        "@solana/codecs-core": "3.0.3",
        "@solana/codecs-strings": "3.0.3",
        "@solana/errors": "3.0.3",
        "@solana/nominal-types": "3.0.3"
      },
      "engines": {
        "node": ">=20.18.0"
      },
      "peerDependencies": {
        "typescript": ">=5.3.3"
      }
    },
    "node_modules/@solana/assertions": {
      "version": "3.0.3",
      "resolved": "https://registry.npmjs.org/@solana/assertions/-/assertions-3.0.3.tgz",
      "integrity": "sha512-2qspxdbWp2y62dfCIlqeWQr4g+hE8FYSSwcaP6itwMwGRb8393yDGCJfI/znuzJh6m/XVWhMHIgFgsBwnevCmg==",
      "dependencies": {
        "@solana/errors": "3.0.3"
      },
      "engines": {
        "node": ">=20.18.0"
      },
      "peerDependencies": {
        "typescript": ">=5.3.3"
      }
    },
    "node_modules/@solana/codecs": {
      "version": "3.0.3",
      "resolved": "https://registry.npmjs.org/@solana/codecs/-/codecs-3.0.3.tgz",
      "integrity": "sha512-GOHwTlIQsCoJx9Ryr6cEf0FHKAQ7pY4aO4xgncAftrv0lveTQ1rPP2inQ1QT0gJllsIa8nwbfXAADs9nNJxQDA==",
      "dependencies": {
        "@solana/codecs-core": "3.0.3",
        "@solana/codecs-data-structures": "3.0.3",
        "@solana/codecs-numbers": "3.0.3",
        "@solana/codecs-strings": "3.0.3",
        "@solana/options": "3.0.3"
      },
      "engines": {
        "node": ">=20.18.0"
      },
      "peerDependencies": {
        "typescript": ">=5.3.3"
      }
    },
    "node_modules/@solana/codecs-core": {
      "version": "3.0.3",
      "resolved": "https://registry.npmjs.org/@solana/codecs-core/-/codecs-core-3.0.3.tgz",
      "integrity": "sha512-emKykJ3h1DmnDOY29Uv9eJXP8E/FHzvlUBJ6te+5EbKdFjj7vdlKYPfDxOI6iGdXTY+YC/ELtbNBh6QwF2uEDQ==",
      "dependencies": {
        "@solana/errors": "3.0.3"
      },
      "engines": {
        "node": ">=20.18.0"
      },
      "peerDependencies": {
        "typescript": ">=5.3.3"
      }
    },
    "node_modules/@solana/codecs-data-structures": {
      "version": "3.0.3",
      "resolved": "https://registry.npmjs.org/@solana/codecs-data-structures/-/codecs-data-structures-3.0.3.tgz",
      "integrity": "sha512-R15cLp8riJvToXziW8lP6AMSwsztGhEnwgyGmll32Mo0Yjq+hduW2/fJrA/TJs6tA/OgTzMQjlxgk009EqZHCw==",
      "dependencies": {
        "@solana/codecs-core": "3.0.3",
        "@solana/codecs-numbers": "3.0.3",
        "@solana/errors": "3.0.3"
      },
      "engines": {
        "node": ">=20.18.0"
      },
      "peerDependencies": {
        "typescript": ">=5.3.3"
      }
    },
    "node_modules/@solana/codecs-numbers": {
      "version": "3.0.3",
      "resolved": "https://registry.npmjs.org/@solana/codecs-numbers/-/codecs-numbers-3.0.3.tgz",
      "integrity": "sha512-pfXkH9J0glrM8qj6389GAn30+cJOxzXLR2FsPOHCUMXrqLhGjMMZAWhsQkpOQ37SGc/7EiQsT/gmyGC7gxHqJQ==",
      "dependencies": {
        "@solana/codecs-core": "3.0.3",
        "@solana/errors": "3.0.3"
      },
      "engines": {
        "node": ">=20.18.0"
      },
      "peerDependencies": {
        "typescript": ">=5.3.3"
      }
    },
    "node_modules/@solana/codecs-strings": {
      "version": "3.0.3",
      "resolved": "https://registry.npmjs.org/@solana/codecs-strings/-/codecs-strings-3.0.3.tgz",
      "integrity": "sha512-VHBXnnTVtcQ1j+7Vrz+qSYo38no+jiHRdGnhFspRXEHNJbllzwKqgBE7YN3qoIXH+MKxgJUcwO5KHmdzf8Wn2A==",
      "dependencies": {
        "@solana/codecs-core": "3.0.3",
        "@solana/codecs-numbers": "3.0.3",
        "@solana/errors": "3.0.3"
      },
      "engines": {
        "node": ">=20.18.0"
      },
      "peerDependencies": {
        "fastestsmallesttextencoderdecoder": "^1.0.22",
        "typescript": ">=5.3.3"
      }
    },
    "node_modules/@solana/errors": {
      "version": "3.0.3",
      "resolved": "https://registry.npmjs.org/@solana/errors/-/errors-3.0.3.tgz",
      "integrity": "sha512-1l84xJlHNva6io62PcYfUamwWlc0eM95nHgCrKX0g0cLoC6D6QHYPCEbEVkR+C5UtP9JDgyQM8MFiv+Ei5tO9Q==",
      "dependencies": {
        "chalk": "5.6.2",
        "commander": "14.0.0"
      },
      "bin": {
        "errors": "bin/cli.mjs"
      },
      "engines": {
        "node": ">=20.18.0"
      },
      "peerDependencies": {
        "typescript": ">=5.3.3"
      }
    },
    "node_modules/@solana/fast-stable-stringify": {
      "version": "3.0.3",
      "resolved": "https://registry.npmjs.org/@solana/fast-stable-stringify/-/fast-stable-stringify-3.0.3.tgz",
      "integrity": "sha512-ED0pxB6lSEYvg+vOd5hcuQrgzEDnOrURFgp1ZOY+lQhJkQU6xo+P829NcJZQVP1rdU2/YQPAKJKEseyfe9VMIw==",
      "engines": {
        "node": ">=20.18.0"
      },
      "peerDependencies": {
        "typescript": ">=5.3.3"
      }
    },
    "node_modules/@solana/functional": {
      "version": "3.0.3",
      "resolved": "https://registry.npmjs.org/@solana/functional/-/functional-3.0.3.tgz",
      "integrity": "sha512-2qX1kKANn8995vOOh5S9AmF4ItGZcfbny0w28Eqy8AFh+GMnSDN4gqpmV2LvxBI9HibXZptGH3RVOMk82h1Mpw==",
      "engines": {
        "node": ">=20.18.0"
      },
      "peerDependencies": {
        "typescript": ">=5.3.3"
      }
    },
    "node_modules/@solana/instruction-plans": {
      "version": "3.0.3",
      "resolved": "https://registry.npmjs.org/@solana/instruction-plans/-/instruction-plans-3.0.3.tgz",
      "integrity": "sha512-eqoaPtWtmLTTpdvbt4BZF5H6FIlJtXi9H7qLOM1dLYonkOX2Ncezx5NDCZ9tMb2qxVMF4IocYsQnNSnMfjQF1w==",
      "dependencies": {
        "@solana/errors": "3.0.3",
        "@solana/instructions": "3.0.3",
        "@solana/promises": "3.0.3",
        "@solana/transaction-messages": "3.0.3",
        "@solana/transactions": "3.0.3"
      },
      "engines": {
        "node": ">=20.18.0"
      },
      "peerDependencies": {
        "typescript": ">=5.3.3"
      }
    },
    "node_modules/@solana/instructions": {
      "version": "3.0.3",
      "resolved": "https://registry.npmjs.org/@solana/instructions/-/instructions-3.0.3.tgz",
      "integrity": "sha512-4csIi8YUDb5j/J+gDzmYtOvq7ZWLbCxj4t0xKn+fPrBk/FD2pK29KVT3Fu7j4Lh1/ojunQUP9X4NHwUexY3PnA==",
      "dependencies": {
        "@solana/codecs-core": "3.0.3",
        "@solana/errors": "3.0.3"
      },
      "engines": {
        "node": ">=20.18.0"
      },
      "peerDependencies": {
        "typescript": ">=5.3.3"
      }
    },
    "node_modules/@solana/keys": {
      "version": "3.0.3",
      "resolved": "https://registry.npmjs.org/@solana/keys/-/keys-3.0.3.tgz",
      "integrity": "sha512-tp8oK9tMadtSIc4vF4aXXWkPd4oU5XPW8nf28NgrGDWGt25fUHIydKjkf2hPtMt9i1WfRyQZ33B5P3dnsNqcPQ==",
      "dependencies": {
        "@solana/assertions": "3.0.3",
        "@solana/codecs-core": "3.0.3",
        "@solana/codecs-strings": "3.0.3",
        "@solana/errors": "3.0.3",
        "@solana/nominal-types": "3.0.3"
      },
      "engines": {
        "node": ">=20.18.0"
      },
      "peerDependencies": {
        "typescript": ">=5.3.3"
      }
    },
    "node_modules/@solana/kit": {
      "version": "3.0.3",
      "resolved": "https://registry.npmjs.org/@solana/kit/-/kit-3.0.3.tgz",
      "integrity": "sha512-CEEhCDmkvztd1zbgADsEQhmj9GyWOOGeW1hZD+gtwbBSF5YN1uofS/pex5MIh/VIqKRj+A2UnYWI1V+9+q/lyQ==",
      "dependencies": {
        "@solana/accounts": "3.0.3",
        "@solana/addresses": "3.0.3",
        "@solana/codecs": "3.0.3",
        "@solana/errors": "3.0.3",
        "@solana/functional": "3.0.3",
        "@solana/instruction-plans": "3.0.3",
        "@solana/instructions": "3.0.3",
        "@solana/keys": "3.0.3",
        "@solana/programs": "3.0.3",
        "@solana/rpc": "3.0.3",
        "@solana/rpc-parsed-types": "3.0.3",
        "@solana/rpc-spec-types": "3.0.3",
        "@solana/rpc-subscriptions": "3.0.3",
        "@solana/rpc-types": "3.0.3",
        "@solana/signers": "3.0.3",
        "@solana/sysvars": "3.0.3",
        "@solana/transaction-confirmation": "3.0.3",
        "@solana/transaction-messages": "3.0.3",
        "@solana/transactions": "3.0.3"
      },
      "engines": {
        "node": ">=20.18.0"
      },
      "peerDependencies": {
        "typescript": ">=5.3.3"
      }
    },
    "node_modules/@solana/nominal-types": {
      "version": "3.0.3",
      "resolved": "https://registry.npmjs.org/@solana/nominal-types/-/nominal-types-3.0.3.tgz",
      "integrity": "sha512-aZavCiexeUAoMHRQg4s1AHkH3wscbOb70diyfjhwZVgFz1uUsFez7csPp9tNFkNolnadVb2gky7yBk3IImQJ6A==",
      "engines": {
        "node": ">=20.18.0"
      },
      "peerDependencies": {
        "typescript": ">=5.3.3"
      }
    },
    "node_modules/@solana/options": {
      "version": "3.0.3",
      "resolved": "https://registry.npmjs.org/@solana/options/-/options-3.0.3.tgz",
      "integrity": "sha512-jarsmnQ63RN0JPC5j9sgUat07NrL9PC71XU7pUItd6LOHtu4+wJMio3l5mT0DHVfkfbFLL6iI6+QmXSVhTNF3g==",
      "dependencies": {
        "@solana/codecs-core": "3.0.3",
        "@solana/codecs-data-structures": "3.0.3",
        "@solana/codecs-numbers": "3.0.3",
        "@solana/codecs-strings": "3.0.3",
        "@solana/errors": "3.0.3"
      },
      "engines": {
        "node": ">=20.18.0"
      },
      "peerDependencies": {
        "typescript": ">=5.3.3"
      }
    },
    "node_modules/@solana/programs": {
      "version": "3.0.3",
      "resolved": "https://registry.npmjs.org/@solana/programs/-/programs-3.0.3.tgz",
      "integrity": "sha512-JZlVE3/AeSNDuH3aEzCZoDu8GTXkMpGXxf93zXLzbxfxhiQ/kHrReN4XE/JWZ/uGWbaFZGR5B3UtdN2QsoZL7w==",
      "dependencies": {
        "@solana/addresses": "3.0.3",
        "@solana/errors": "3.0.3"
      },
      "engines": {
        "node": ">=20.18.0"
      },
      "peerDependencies": {
        "typescript": ">=5.3.3"
      }
    },
    "node_modules/@solana/promises": {
      "version": "3.0.3",
      "resolved": "https://registry.npmjs.org/@solana/promises/-/promises-3.0.3.tgz",
      "integrity": "sha512-K+UflGBVxj30XQMHTylHHZJdKH5QG3oj5k2s42GrZ/Wbu72oapVJySMBgpK45+p90t8/LEqV6rRPyTXlet9J+Q==",
      "engines": {
        "node": ">=20.18.0"
      },
      "peerDependencies": {
        "typescript": ">=5.3.3"
      }
    },
    "node_modules/@solana/rpc": {
      "version": "3.0.3",
      "resolved": "https://registry.npmjs.org/@solana/rpc/-/rpc-3.0.3.tgz",
      "integrity": "sha512-3oukAaLK78GegkKcm6iNmRnO4mFeNz+BMvA8T56oizoBNKiRVEq/6DFzVX/LkmZ+wvD601pAB3uCdrTPcC0YKQ==",
      "dependencies": {
        "@solana/errors": "3.0.3",
        "@solana/fast-stable-stringify": "3.0.3",
        "@solana/functional": "3.0.3",
        "@solana/rpc-api": "3.0.3",
        "@solana/rpc-spec": "3.0.3",
        "@solana/rpc-spec-types": "3.0.3",
        "@solana/rpc-transformers": "3.0.3",
        "@solana/rpc-transport-http": "3.0.3",
        "@solana/rpc-types": "3.0.3"
      },
      "engines": {
        "node": ">=20.18.0"
      },
      "peerDependencies": {
        "typescript": ">=5.3.3"
      }
    },
    "node_modules/@solana/rpc-api": {
      "version": "3.0.3",
      "resolved": "https://registry.npmjs.org/@solana/rpc-api/-/rpc-api-3.0.3.tgz",
      "integrity": "sha512-Yym9/Ama62OY69rAZgbOCAy1QlqaWAyb0VlqFuwSaZV1pkFCCFSwWEJEsiN1n8pb2ZP+RtwNvmYixvWizx9yvA==",
      "dependencies": {
        "@solana/addresses": "3.0.3",
        "@solana/codecs-core": "3.0.3",
        "@solana/codecs-strings": "3.0.3",
        "@solana/errors": "3.0.3",
        "@solana/keys": "3.0.3",
        "@solana/rpc-parsed-types": "3.0.3",
        "@solana/rpc-spec": "3.0.3",
        "@solana/rpc-transformers": "3.0.3",
        "@solana/rpc-types": "3.0.3",
        "@solana/transaction-messages": "3.0.3",
        "@solana/transactions": "3.0.3"
      },
      "engines": {
        "node": ">=20.18.0"
      },
      "peerDependencies": {
        "typescript": ">=5.3.3"
      }
    },
    "node_modules/@solana/rpc-parsed-types": {
      "version": "3.0.3",
      "resolved": "https://registry.npmjs.org/@solana/rpc-parsed-types/-/rpc-parsed-types-3.0.3.tgz",
      "integrity": "sha512-/koM05IM2fU91kYDQxXil3VBNlOfcP+gXE0js1sdGz8KonGuLsF61CiKB5xt6u1KEXhRyDdXYLjf63JarL4Ozg==",
      "engines": {
        "node": ">=20.18.0"
      },
      "peerDependencies": {
        "typescript": ">=5.3.3"
      }
    },
    "node_modules/@solana/rpc-spec": {
      "version": "3.0.3",
      "resolved": "https://registry.npmjs.org/@solana/rpc-spec/-/rpc-spec-3.0.3.tgz",
      "integrity": "sha512-MZn5/8BebB6MQ4Gstw6zyfWsFAZYAyLzMK+AUf/rSfT8tPmWiJ/mcxnxqOXvFup/l6D67U8pyGpIoFqwCeZqqA==",
      "dependencies": {
        "@solana/errors": "3.0.3",
        "@solana/rpc-spec-types": "3.0.3"
      },
      "engines": {
        "node": ">=20.18.0"
      },
      "peerDependencies": {
        "typescript": ">=5.3.3"
      }
    },
    "node_modules/@solana/rpc-spec-types": {
      "version": "3.0.3",
      "resolved": "https://registry.npmjs.org/@solana/rpc-spec-types/-/rpc-spec-types-3.0.3.tgz",
      "integrity": "sha512-A6Jt8SRRetnN3CeGAvGJxigA9zYRslGgWcSjueAZGvPX+MesFxEUjSWZCfl+FogVFvwkqfkgQZQbPAGZQFJQ6Q==",
      "engines": {
        "node": ">=20.18.0"
      },
      "peerDependencies": {
        "typescript": ">=5.3.3"
      }
    },
    "node_modules/@solana/rpc-subscriptions": {
      "version": "3.0.3",
      "resolved": "https://registry.npmjs.org/@solana/rpc-subscriptions/-/rpc-subscriptions-3.0.3.tgz",
      "integrity": "sha512-LRvz6NaqvtsYFd32KwZ+rwYQ9XCs+DWjV8BvBLsJpt9/NWSuHf/7Sy/vvP6qtKxut692H/TMvHnC4iulg0WmiQ==",
      "dependencies": {
        "@solana/errors": "3.0.3",
        "@solana/fast-stable-stringify": "3.0.3",
        "@solana/functional": "3.0.3",
        "@solana/promises": "3.0.3",
        "@solana/rpc-spec-types": "3.0.3",
        "@solana/rpc-subscriptions-api": "3.0.3",
        "@solana/rpc-subscriptions-channel-websocket": "3.0.3",
        "@solana/rpc-subscriptions-spec": "3.0.3",
        "@solana/rpc-transformers": "3.0.3",
        "@solana/rpc-types": "3.0.3",
        "@solana/subscribable": "3.0.3"
      },
      "engines": {
        "node": ">=20.18.0"
      },
      "peerDependencies": {
        "typescript": ">=5.3.3"
      }
    },
    "node_modules/@solana/rpc-subscriptions-api": {
      "version": "3.0.3",
      "resolved": "https://registry.npmjs.org/@solana/rpc-subscriptions-api/-/rpc-subscriptions-api-3.0.3.tgz",
      "integrity": "sha512-MGgVK3PUS15qsjuhimpzGZrKD/CTTvS0mAlQ0Jw84zsr1RJVdQJK/F0igu07BVd172eTZL8d90NoAQ3dahW5pA==",
      "dependencies": {
        "@solana/addresses": "3.0.3",
        "@solana/keys": "3.0.3",
        "@solana/rpc-subscriptions-spec": "3.0.3",
        "@solana/rpc-transformers": "3.0.3",
        "@solana/rpc-types": "3.0.3",
        "@solana/transaction-messages": "3.0.3",
        "@solana/transactions": "3.0.3"
      },
      "engines": {
        "node": ">=20.18.0"
      },
      "peerDependencies": {
        "typescript": ">=5.3.3"
      }
    },
    "node_modules/@solana/rpc-subscriptions-channel-websocket": {
      "version": "3.0.3",
      "resolved": "https://registry.npmjs.org/@solana/rpc-subscriptions-channel-websocket/-/rpc-subscriptions-channel-websocket-3.0.3.tgz",
      "integrity": "sha512-zUzUlb8Cwnw+SHlsLrSqyBRtOJKGc+FvSNJo/vWAkLShoV0wUDMPv7VvhTngJx3B/3ANfrOZ4i08i9QfYPAvpQ==",
      "dependencies": {
        "@solana/errors": "3.0.3",
        "@solana/functional": "3.0.3",
        "@solana/rpc-subscriptions-spec": "3.0.3",
        "@solana/subscribable": "3.0.3"
      },
      "engines": {
        "node": ">=20.18.0"
      },
      "peerDependencies": {
        "typescript": ">=5.3.3",
        "ws": "^8.18.0"
      }
    },
    "node_modules/@solana/rpc-subscriptions-spec": {
      "version": "3.0.3",
      "resolved": "https://registry.npmjs.org/@solana/rpc-subscriptions-spec/-/rpc-subscriptions-spec-3.0.3.tgz",
      "integrity": "sha512-9KpQ32OBJWS85mn6q3gkM0AjQe1LKYlMU7gpJRrla/lvXxNLhI95tz5K6StctpUreVmRWTVkNamHE69uUQyY8A==",
      "dependencies": {
        "@solana/errors": "3.0.3",
        "@solana/promises": "3.0.3",
        "@solana/rpc-spec-types": "3.0.3",
        "@solana/subscribable": "3.0.3"
      },
      "engines": {
        "node": ">=20.18.0"
      },
      "peerDependencies": {
        "typescript": ">=5.3.3"
      }
    },
    "node_modules/@solana/rpc-transformers": {
      "version": "3.0.3",
      "resolved": "https://registry.npmjs.org/@solana/rpc-transformers/-/rpc-transformers-3.0.3.tgz",
      "integrity": "sha512-lzdaZM/dG3s19Tsk4mkJA5JBoS1eX9DnD7z62gkDwrwJDkDBzkAJT9aLcsYFfTmwTfIp6uU2UPgGYc97i1wezw==",
      "dependencies": {
        "@solana/errors": "3.0.3",
        "@solana/functional": "3.0.3",
        "@solana/nominal-types": "3.0.3",
        "@solana/rpc-spec-types": "3.0.3",
        "@solana/rpc-types": "3.0.3"
      },
      "engines": {
        "node": ">=20.18.0"
      },
      "peerDependencies": {
        "typescript": ">=5.3.3"
      }
    },
    "node_modules/@solana/rpc-transport-http": {
      "version": "3.0.3",
      "resolved": "https://registry.npmjs.org/@solana/rpc-transport-http/-/rpc-transport-http-3.0.3.tgz",
      "integrity": "sha512-bIXFwr2LR5A97Z46dI661MJPbHnPfcShBjFzOS/8Rnr8P4ho3j/9EUtjDrsqoxGJT3SLWj5OlyXAlaDAvVTOUQ==",
      "dependencies": {
        "@solana/errors": "3.0.3",
        "@solana/rpc-spec": "3.0.3",
        "@solana/rpc-spec-types": "3.0.3",
        "undici-types": "^7.15.0"
      },
      "engines": {
        "node": ">=20.18.0"
      },
      "peerDependencies": {
        "typescript": ">=5.3.3"
      }
    },
    "node_modules/@solana/rpc-types": {
      "version": "3.0.3",
      "resolved": "https://registry.npmjs.org/@solana/rpc-types/-/rpc-types-3.0.3.tgz",
      "integrity": "sha512-petWQ5xSny9UfmC3Qp2owyhNU0w9SyBww4+v7tSVyXMcCC9v6j/XsqTeimH1S0qQUllnv0/FY83ohFaxofmZ6Q==",
      "dependencies": {
        "@solana/addresses": "3.0.3",
        "@solana/codecs-core": "3.0.3",
        "@solana/codecs-numbers": "3.0.3",
        "@solana/codecs-strings": "3.0.3",
        "@solana/errors": "3.0.3",
        "@solana/nominal-types": "3.0.3"
      },
      "engines": {
        "node": ">=20.18.0"
      },
      "peerDependencies": {
        "typescript": ">=5.3.3"
      }
    },
    "node_modules/@solana/signers": {
      "version": "3.0.3",
      "resolved": "https://registry.npmjs.org/@solana/signers/-/signers-3.0.3.tgz",
      "integrity": "sha512-UwCd/uPYTZiwd283JKVyOWLLN5sIgMBqGDyUmNU3vo9hcmXKv5ZGm/9TvwMY2z35sXWuIOcj7etxJ8OoWc/ObQ==",
      "dependencies": {
        "@solana/addresses": "3.0.3",
        "@solana/codecs-core": "3.0.3",
        "@solana/errors": "3.0.3",
        "@solana/instructions": "3.0.3",
        "@solana/keys": "3.0.3",
        "@solana/nominal-types": "3.0.3",
        "@solana/transaction-messages": "3.0.3",
        "@solana/transactions": "3.0.3"
      },
      "engines": {
        "node": ">=20.18.0"
      },
      "peerDependencies": {
        "typescript": ">=5.3.3"
      }
    },
    "node_modules/@solana/subscribable": {
      "version": "3.0.3",
      "resolved": "https://registry.npmjs.org/@solana/subscribable/-/subscribable-3.0.3.tgz",
      "integrity": "sha512-FJ27LKGHLQ5GGttPvTOLQDLrrOZEgvaJhB7yYaHAhPk25+p+erBaQpjePhfkMyUbL1FQbxn1SUJmS6jUuaPjlQ==",
      "dependencies": {
        "@solana/errors": "3.0.3"
      },
      "engines": {
        "node": ">=20.18.0"
      },
      "peerDependencies": {
        "typescript": ">=5.3.3"
      }
    },
    "node_modules/@solana/sysvars": {
      "version": "3.0.3",
      "resolved": "https://registry.npmjs.org/@solana/sysvars/-/sysvars-3.0.3.tgz",
      "integrity": "sha512-GnHew+QeKCs2f9ow+20swEJMH4mDfJA/QhtPgOPTYQx/z69J4IieYJ7fZenSHnA//lJ45fVdNdmy1trypvPLBQ==",
      "dependencies": {
        "@solana/accounts": "3.0.3",
        "@solana/codecs": "3.0.3",
        "@solana/errors": "3.0.3",
        "@solana/rpc-types": "3.0.3"
      },
      "engines": {
        "node": ">=20.18.0"
      },
      "peerDependencies": {
        "typescript": ">=5.3.3"
      }
    },
    "node_modules/@solana/transaction-confirmation": {
      "version": "3.0.3",
      "resolved": "https://registry.npmjs.org/@solana/transaction-confirmation/-/transaction-confirmation-3.0.3.tgz",
      "integrity": "sha512-dXx0OLtR95LMuARgi2dDQlL1QYmk56DOou5q9wKymmeV3JTvfDExeWXnOgjRBBq/dEfj4ugN1aZuTaS18UirFw==",
      "dependencies": {
        "@solana/addresses": "3.0.3",
        "@solana/codecs-strings": "3.0.3",
        "@solana/errors": "3.0.3",
        "@solana/keys": "3.0.3",
        "@solana/promises": "3.0.3",
        "@solana/rpc": "3.0.3",
        "@solana/rpc-subscriptions": "3.0.3",
        "@solana/rpc-types": "3.0.3",
        "@solana/transaction-messages": "3.0.3",
        "@solana/transactions": "3.0.3"
      },
      "engines": {
        "node": ">=20.18.0"
      },
      "peerDependencies": {
        "typescript": ">=5.3.3"
      }
    },
    "node_modules/@solana/transaction-messages": {
      "version": "3.0.3",
      "resolved": "https://registry.npmjs.org/@solana/transaction-messages/-/transaction-messages-3.0.3.tgz",
      "integrity": "sha512-s+6NWRnBhnnjFWV4x2tzBzoWa6e5LiIxIvJlWwVQBFkc8fMGY04w7jkFh0PM08t/QFKeXBEWkyBDa/TFYdkWug==",
      "dependencies": {
        "@solana/addresses": "3.0.3",
        "@solana/codecs-core": "3.0.3",
        "@solana/codecs-data-structures": "3.0.3",
        "@solana/codecs-numbers": "3.0.3",
        "@solana/errors": "3.0.3",
        "@solana/functional": "3.0.3",
        "@solana/instructions": "3.0.3",
        "@solana/nominal-types": "3.0.3",
        "@solana/rpc-types": "3.0.3"
      },
      "engines": {
        "node": ">=20.18.0"
      },
      "peerDependencies": {
        "typescript": ">=5.3.3"
      }
    },
    "node_modules/@solana/transactions": {
      "version": "3.0.3",
      "resolved": "https://registry.npmjs.org/@solana/transactions/-/transactions-3.0.3.tgz",
      "integrity": "sha512-iMX+n9j4ON7H1nKlWEbMqMOpKYC6yVGxKKmWHT1KdLRG7v+03I4DnDeFoI+Zmw56FA+7Bbne8jwwX60Q1vk/MQ==",
      "dependencies": {
        "@solana/addresses": "3.0.3",
        "@solana/codecs-core": "3.0.3",
        "@solana/codecs-data-structures": "3.0.3",
        "@solana/codecs-numbers": "3.0.3",
        "@solana/codecs-strings": "3.0.3",
        "@solana/errors": "3.0.3",
        "@solana/functional": "3.0.3",
        "@solana/instructions": "3.0.3",
        "@solana/keys": "3.0.3",
        "@solana/nominal-types": "3.0.3",
        "@solana/rpc-types": "3.0.3",
        "@solana/transaction-messages": "3.0.3"
      },
      "engines": {
        "node": ">=20.18.0"
      },
      "peerDependencies": {
        "typescript": ">=5.3.3"
      }
    },
    "node_modules/chalk": {
      "version": "5.6.2",
      "resolved": "https://registry.npmjs.org/chalk/-/chalk-5.6.2.tgz",
      "integrity": "sha512-7NzBL0rN6fMUW+f7A6Io4h40qQlG+xGmtMxfbnH/K7TAtt8JQWVQK+6g0UXKMeVJoyV5EkkNsErQ8pVD3bLHbA==",
      "engines": {
        "node": "^12.17.0 || ^14.13 || >=16.0.0"
      },
      "funding": {
        "url": "https://github.com/chalk/chalk?sponsor=1"
      }
    },
    "node_modules/commander": {
      "version": "14.0.0",
      "resolved": "https://registry.npmjs.org/commander/-/commander-14.0.0.tgz",
      "integrity": "sha512-2uM9rYjPvyq39NwLRqaiLtWHyDC1FvryJDa2ATTVims5YAS4PupsEQsDvP14FqhFr0P49CYDugi59xaxJlTXRA==",
      "engines": {
        "node": ">=20"
      }
    },
    "node_modules/fastestsmallesttextencoderdecoder": {
      "version": "1.0.22",
      "resolved": "https://registry.npmjs.org/fastestsmallesttextencoderdecoder/-/fastestsmallesttextencoderdecoder-1.0.22.tgz",
      "integrity": "sha512-Pb8d48e+oIuY4MaM64Cd7OW1gt4nxCHs7/ddPPZ/Ic3sg8yVGM7O9wDvZ7us6ScaUupzM+pfBolwtYhN1IxBIw==",
      "peer": true
    },
    "node_modules/typescript": {
      "version": "5.9.2",
      "resolved": "https://registry.npmjs.org/typescript/-/typescript-5.9.2.tgz",
      "integrity": "sha512-CWBzXQrc/qOkhidw1OzBTQuYRbfyxDXJMVJ1XNwUHGROVmuaeiEm3OslpZ1RV96d7SKKjZKrSJu3+t/xlw3R9A==",
      "peer": true,
      "bin": {
        "tsc": "bin/tsc",
        "tsserver": "bin/tsserver"
      },
      "engines": {
        "node": ">=14.17"
      }
    },
    "node_modules/undici-types": {
      "version": "7.16.0",
      "resolved": "https://registry.npmjs.org/undici-types/-/undici-types-7.16.0.tgz",
      "integrity": "sha512-Zz+aZWSj8LE6zoxD+xrjh4VfkIG8Ya6LvYkZqtUQGJPZjYl53ypCaUwWqo7eI0x66KBGeRo+mlBEkMSeSZ38Nw=="
    },
    "node_modules/ws": {
      "version": "8.18.3",
      "resolved": "https://registry.npmjs.org/ws/-/ws-8.18.3.tgz",
      "integrity": "sha512-PEIGCY5tSlUt50cqyMXfCzX+oOPqN0vuGqWzbcJ2xvnkzkq46oOpz7dQaTDBdfICb4N14+GARUDw2XV2N4tvzg==",
      "peer": true,
      "engines": {
        "node": ">=10.0.0"
      },
      "peerDependencies": {
        "bufferutil": "^4.0.1",
        "utf-8-validate": ">=5.0.2"
      },
      "peerDependenciesMeta": {
        "bufferutil": {
          "optional": true
        },
        "utf-8-validate": {
          "optional": true
        }
      }
    }
  }
}
